
Microsoft Visual Studio Solution File, Format Version 12.00
# Visual Studio 15
VisualStudioVersion = 15.0.28307.1831
MinimumVisualStudioVersion = 10.0.40219.1
Project("{8BC9CEB8-8B4A-11D0-8D11-00A0C91BC942}") = "Main", "Test\Test.vcxproj", "{0808E2AA-BCB6-48DA-9BDA-9967AF9A56AD}"
EndProject
Project("{8BC9CEB8-8B4A-11D0-8D11-00A0C91BC942}") = "Sample-test", "Sample-test\Sample-test.vcxproj", "{36B44E25-D308-42FB-8CB4-B043FFDA575D}"
EndProject
Project("{8BC9CEB8-8B4A-11D0-8D11-00A0C91BC942}") = "NativeUnitTest", "NativeUnitTest\NativeUnitTest.vcxproj", "{92B26675-647E-432E-9785-D26203C83C88}"
EndProject
Global
	GlobalSection(SolutionConfigurationPlatforms) = preSolution
		Debug|x64 = Debug|x64
		Debug|x86 = Debug|x86
		Release|x64 = Release|x64
		Release|x86 = Release|x86
	EndGlobalSection
	GlobalSection(ProjectConfigurationPlatforms) = postSolution
		{0808E2AA-BCB6-48DA-9BDA-9967AF9A56AD}.Debug|x64.ActiveCfg = Debug|x64
		{0808E2AA-BCB6-48DA-9BDA-9967AF9A56AD}.Debug|x64.Build.0 = Debug|x64
		{0808E2AA-BCB6-48DA-9BDA-9967AF9A56AD}.Debug|x86.ActiveCfg = Debug|Win32
		{0808E2AA-BCB6-48DA-9BDA-9967AF9A56AD}.Debug|x86.Build.0 = Debug|Win32
		{0808E2AA-BCB6-48DA-9BDA-9967AF9A56AD}.Release|x64.ActiveCfg = Release|x64
		{0808E2AA-BCB6-48DA-9BDA-9967AF9A56AD}.Release|x64.Build.0 = Release|x64
		{0808E2AA-BCB6-48DA-9BDA-9967AF9A56AD}.Release|x86.ActiveCfg = Release|Win32
		{0808E2AA-BCB6-48DA-9BDA-9967AF9A56AD}.Release|x86.Build.0 = Release|Win32
		{36B44E25-D308-42FB-8CB4-B043FFDA575D}.Debug|x64.ActiveCfg = Debug|x64
		{36B44E25-D308-42FB-8CB4-B043FFDA575D}.Debug|x64.Build.0 = Debug|x64
		{36B44E25-D308-42FB-8CB4-B043FFDA575D}.Debug|x86.ActiveCfg = Debug|Win32
		{36B44E25-D308-42FB-8CB4-B043FFDA575D}.Debug|x86.Build.0 = Debug|Win32
		{36B44E25-D308-42FB-8CB4-B043FFDA575D}.Release|x64.ActiveCfg = Release|x64
		{36B44E25-D308-42FB-8CB4-B043FFDA575D}.Release|x64.Build.0 = Release|x64
		{36B44E25-D308-42FB-8CB4-B043FFDA575D}.Release|x86.ActiveCfg = Release|Win32
		{36B44E25-D308-42FB-8CB4-B043FFDA575D}.Release|x86.Build.0 = Release|Win32
		{92B26675-647E-432E-9785-D26203C83C88}.Debug|x64.ActiveCfg = Debug|x64
		{92B26675-647E-432E-9785-D26203C83C88}.Debug|x64.Build.0 = Debug|x64
		{92B26675-647E-432E-9785-D26203C83C88}.Debug|x86.ActiveCfg = Debug|Win32
		{92B26675-647E-432E-9785-D26203C83C88}.Debug|x86.Build.0 = Debug|Win32
		{92B26675-647E-432E-9785-D26203C83C88}.Release|x64.ActiveCfg = Release|x64
		{92B26675-647E-432E-9785-D26203C83C88}.Release|x64.Build.0 = Release|x64
		{92B26675-647E-432E-9785-D26203C83C88}.Release|x86.ActiveCfg = Release|Win32
		{92B26675-647E-432E-9785-D26203C83C88}.Release|x86.Build.0 = Release|Win32
	EndGlobalSection
	GlobalSection(SolutionProperties) = preSolution
		HideSolutionNode = FALSE
	EndGlobalSection
	GlobalSection(ExtensibilityGlobals) = postSolution
		SolutionGuid = {2CB3E506-346B-498A-91C7-3C0A0C3BEE61}
	EndGlobalSection
EndGlobal
